
Microsoft Visual Studio Solution File, Format Version 12.00
# Visual Studio Version 16
VisualStudioVersion = 16.0.29306.81
MinimumVisualStudioVersion = 10.0.40219.1
Project("{FAE04EC0-301F-11D3-BF4B-00C04F79EFBC}") = "QuesesMusicApp", "QuesesMusicApp\QuesesMusicApp.csproj", "{0831B082-FDDE-42C9-A294-F1855E3D92EA}"
EndProject
Project("{FAE04EC0-301F-11D3-BF4B-00C04F79EFBC}") = "MusicAppRepository", "MusicAppRepository\MusicAppRepository.csproj", "{27196DA4-7829-46AD-87D8-484223C80A98}"
EndProject
Project("{FAE04EC0-301F-11D3-BF4B-00C04F79EFBC}") = "SongRepositoryTest", "SongRepositoryTest\SongRepositoryTest.csproj", "{F965E55C-0867-4252-9E44-8CA8EC6DF71B}"
EndProject
Global
	GlobalSection(SolutionConfigurationPlatforms) = preSolution
		Debug|Any CPU = Debug|Any CPU
		Release|Any CPU = Release|Any CPU
	EndGlobalSection
	GlobalSection(ProjectConfigurationPlatforms) = postSolution
		{0831B082-FDDE-42C9-A294-F1855E3D92EA}.Debug|Any CPU.ActiveCfg = Debug|Any CPU
		{0831B082-FDDE-42C9-A294-F1855E3D92EA}.Debug|Any CPU.Build.0 = Debug|Any CPU
		{0831B082-FDDE-42C9-A294-F1855E3D92EA}.Release|Any CPU.ActiveCfg = Release|Any CPU
		{0831B082-FDDE-42C9-A294-F1855E3D92EA}.Release|Any CPU.Build.0 = Release|Any CPU
		{27196DA4-7829-46AD-87D8-484223C80A98}.Debug|Any CPU.ActiveCfg = Debug|Any CPU
		{27196DA4-7829-46AD-87D8-484223C80A98}.Debug|Any CPU.Build.0 = Debug|Any CPU
		{27196DA4-7829-46AD-87D8-484223C80A98}.Release|Any CPU.ActiveCfg = Release|Any CPU
		{27196DA4-7829-46AD-87D8-484223C80A98}.Release|Any CPU.Build.0 = Release|Any CPU
		{F965E55C-0867-4252-9E44-8CA8EC6DF71B}.Debug|Any CPU.ActiveCfg = Debug|Any CPU
		{F965E55C-0867-4252-9E44-8CA8EC6DF71B}.Debug|Any CPU.Build.0 = Debug|Any CPU
		{F965E55C-0867-4252-9E44-8CA8EC6DF71B}.Release|Any CPU.ActiveCfg = Release|Any CPU
		{F965E55C-0867-4252-9E44-8CA8EC6DF71B}.Release|Any CPU.Build.0 = Release|Any CPU
	EndGlobalSection
	GlobalSection(SolutionProperties) = preSolution
		HideSolutionNode = FALSE
	EndGlobalSection
	GlobalSection(ExtensibilityGlobals) = postSolution
		SolutionGuid = {4FC55C67-0DBB-4E11-95F8-D773CD2AF0B6}
	EndGlobalSection
EndGlobal
